// !$*UTF8*$!
{
	archiveVersion = 1;
	classes = {
	};
	objectVersion = 56;
	objects = {

/* Begin PBXBuildFile section */
		180395352A9BB1FC00A13F79 /* WeatherSwiftUIApp.swift in Sources */ = {isa = PBXBuildFile; fileRef = 180395342A9BB1FC00A13F79 /* WeatherSwiftUIApp.swift */; };
		180395372A9BB1FC00A13F79 /* ContentView.swift in Sources */ = {isa = PBXBuildFile; fileRef = 180395362A9BB1FC00A13F79 /* ContentView.swift */; };
		180395392A9BB1FF00A13F79 /* Assets.xcassets in Resources */ = {isa = PBXBuildFile; fileRef = 180395382A9BB1FF00A13F79 /* Assets.xcassets */; };
		1803953C2A9BB1FF00A13F79 /* Preview Assets.xcassets in Resources */ = {isa = PBXBuildFile; fileRef = 1803953B2A9BB1FF00A13F79 /* Preview Assets.xcassets */; };
		1803954A2A9C796400A13F79 /* Extentions.swift in Sources */ = {isa = PBXBuildFile; fileRef = 180395492A9C796400A13F79 /* Extentions.swift */; };
		18695B392A9C8256008C8747 /* HomeView.swift in Sources */ = {isa = PBXBuildFile; fileRef = 18695B382A9C8256008C8747 /* HomeView.swift */; };
		18695B3B2A9CC9BD008C8747 /* Tab Bar.swift in Sources */ = {isa = PBXBuildFile; fileRef = 18695B3A2A9CC9BD008C8747 /* Tab Bar.swift */; };
		18695B3D2A9CD5D5008C8747 /* Shapes.swift in Sources */ = {isa = PBXBuildFile; fileRef = 18695B3C2A9CD5D5008C8747 /* Shapes.swift */; };
		18695B402A9DF91C008C8747 /* BottomSheet in Frameworks */ = {isa = PBXBuildFile; productRef = 18695B3F2A9DF91C008C8747 /* BottomSheet */; };
		18695B422A9E03A3008C8747 /* ForcastView.swift in Sources */ = {isa = PBXBuildFile; fileRef = 18695B412A9E03A3008C8747 /* ForcastView.swift */; };
		18695B442A9E178C008C8747 /* Blur.swift in Sources */ = {isa = PBXBuildFile; fileRef = 18695B432A9E178C008C8747 /* Blur.swift */; };
/* End PBXBuildFile section */

/* Begin PBXFileReference section */
		180395312A9BB1FC00A13F79 /* Weather SwiftUI.app */ = {isa = PBXFileReference; explicitFileType = wrapper.application; includeInIndex = 0; path = "Weather SwiftUI.app"; sourceTree = BUILT_PRODUCTS_DIR; };
		180395342A9BB1FC00A13F79 /* WeatherSwiftUIApp.swift */ = {isa = PBXFileReference; lastKnownFileType = sourcecode.swift; path = WeatherSwiftUIApp.swift; sourceTree = "<group>"; };
		180395362A9BB1FC00A13F79 /* ContentView.swift */ = {isa = PBXFileReference; lastKnownFileType = sourcecode.swift; path = ContentView.swift; sourceTree = "<group>"; };
		180395382A9BB1FF00A13F79 /* Assets.xcassets */ = {isa = PBXFileReference; lastKnownFileType = folder.assetcatalog; path = Assets.xcassets; sourceTree = "<group>"; };
		1803953B2A9BB1FF00A13F79 /* Preview Assets.xcassets */ = {isa = PBXFileReference; lastKnownFileType = folder.assetcatalog; path = "Preview Assets.xcassets"; sourceTree = "<group>"; };
		180395492A9C796400A13F79 /* Extentions.swift */ = {isa = PBXFileReference; lastKnownFileType = sourcecode.swift; path = Extentions.swift; sourceTree = "<group>"; };
		18695B382A9C8256008C8747 /* HomeView.swift */ = {isa = PBXFileReference; lastKnownFileType = sourcecode.swift; path = HomeView.swift; sourceTree = "<group>"; };
		18695B3A2A9CC9BD008C8747 /* Tab Bar.swift */ = {isa = PBXFileReference; lastKnownFileType = sourcecode.swift; path = "Tab Bar.swift"; sourceTree = "<group>"; };
		18695B3C2A9CD5D5008C8747 /* Shapes.swift */ = {isa = PBXFileReference; lastKnownFileType = sourcecode.swift; path = Shapes.swift; sourceTree = "<group>"; };
		18695B412A9E03A3008C8747 /* ForcastView.swift */ = {isa = PBXFileReference; lastKnownFileType = sourcecode.swift; path = ForcastView.swift; sourceTree = "<group>"; };
		18695B432A9E178C008C8747 /* Blur.swift */ = {isa = PBXFileReference; lastKnownFileType = sourcecode.swift; path = Blur.swift; sourceTree = "<group>"; };
/* End PBXFileReference section */

/* Begin PBXFrameworksBuildPhase section */
		1803952E2A9BB1FC00A13F79 /* Frameworks */ = {
			isa = PBXFrameworksBuildPhase;
			buildActionMask = 2147483647;
			files = (
				18695B402A9DF91C008C8747 /* BottomSheet in Frameworks */,
			);
			runOnlyForDeploymentPostprocessing = 0;
		};
/* End PBXFrameworksBuildPhase section */

/* Begin PBXGroup section */
		180395282A9BB1FC00A13F79 = {
			isa = PBXGroup;
			children = (
				180395332A9BB1FC00A13F79 /* Weather SwiftUI */,
				180395322A9BB1FC00A13F79 /* Products */,
			);
			sourceTree = "<group>";
		};
		180395322A9BB1FC00A13F79 /* Products */ = {
			isa = PBXGroup;
			children = (
				180395312A9BB1FC00A13F79 /* Weather SwiftUI.app */,
			);
			name = Products;
			sourceTree = "<group>";
		};
		180395332A9BB1FC00A13F79 /* Weather SwiftUI */ = {
			isa = PBXGroup;
			children = (
				180395342A9BB1FC00A13F79 /* WeatherSwiftUIApp.swift */,
				180395422A9C75AA00A13F79 /* Views */,
				180395432A9C75B100A13F79 /* Models */,
				180395442A9C75B900A13F79 /* Utils */,
				180395382A9BB1FF00A13F79 /* Assets.xcassets */,
				1803953A2A9BB1FF00A13F79 /* Preview Content */,
			);
			path = "Weather SwiftUI";
			sourceTree = "<group>";
		};
		1803953A2A9BB1FF00A13F79 /* Preview Content */ = {
			isa = PBXGroup;
			children = (
				1803953B2A9BB1FF00A13F79 /* Preview Assets.xcassets */,
			);
			path = "Preview Content";
			sourceTree = "<group>";
		};
		180395422A9C75AA00A13F79 /* Views */ = {
			isa = PBXGroup;
			children = (
				180395482A9C75F100A13F79 /* Main */,
				180395472A9C75E700A13F79 /* Navigation */,
				180395462A9C75DD00A13F79 /* Detail */,
				180395452A9C75CF00A13F79 /* Components */,
			);
			path = Views;
			sourceTree = "<group>";
		};
		180395432A9C75B100A13F79 /* Models */ = {
			isa = PBXGroup;
			children = (
			);
			path = Models;
			sourceTree = "<group>";
		};
		180395442A9C75B900A13F79 /* Utils */ = {
			isa = PBXGroup;
			children = (
				180395492A9C796400A13F79 /* Extentions.swift */,
				18695B3C2A9CD5D5008C8747 /* Shapes.swift */,
			);
			path = Utils;
			sourceTree = "<group>";
		};
		180395452A9C75CF00A13F79 /* Components */ = {
			isa = PBXGroup;
			children = (
				18695B432A9E178C008C8747 /* Blur.swift */,
			);
			path = Components;
			sourceTree = "<group>";
		};
		180395462A9C75DD00A13F79 /* Detail */ = {
			isa = PBXGroup;
			children = (
				18695B412A9E03A3008C8747 /* ForcastView.swift */,
			);
			path = Detail;
			sourceTree = "<group>";
		};
		180395472A9C75E700A13F79 /* Navigation */ = {
			isa = PBXGroup;
			children = (
				18695B3A2A9CC9BD008C8747 /* Tab Bar.swift */,
			);
			path = Navigation;
			sourceTree = "<group>";
		};
		180395482A9C75F100A13F79 /* Main */ = {
			isa = PBXGroup;
			children = (
				180395362A9BB1FC00A13F79 /* ContentView.swift */,
				18695B382A9C8256008C8747 /* HomeView.swift */,
			);
			path = Main;
			sourceTree = "<group>";
		};
/* End PBXGroup section */

/* Begin PBXNativeTarget section */
		180395302A9BB1FC00A13F79 /* Weather SwiftUI */ = {
			isa = PBXNativeTarget;
			buildConfigurationList = 1803953F2A9BB1FF00A13F79 /* Build configuration list for PBXNativeTarget "Weather SwiftUI" */;
			buildPhases = (
				1803952D2A9BB1FC00A13F79 /* Sources */,
				1803952E2A9BB1FC00A13F79 /* Frameworks */,
				1803952F2A9BB1FC00A13F79 /* Resources */,
			);
			buildRules = (
			);
			dependencies = (
			);
			name = "Weather SwiftUI";
			packageProductDependencies = (
				18695B3F2A9DF91C008C8747 /* BottomSheet */,
			);
			productName = "Weather SwiftUI";
			productReference = 180395312A9BB1FC00A13F79 /* Weather SwiftUI.app */;
			productType = "com.apple.product-type.application";
		};
/* End PBXNativeTarget section */

/* Begin PBXProject section */
		180395292A9BB1FC00A13F79 /* Project object */ = {
			isa = PBXProject;
			attributes = {
				BuildIndependentTargetsInParallel = 1;
				LastSwiftUpdateCheck = 1430;
				LastUpgradeCheck = 1430;
				TargetAttributes = {
					180395302A9BB1FC00A13F79 = {
						CreatedOnToolsVersion = 14.3.1;
					};
				};
			};
			buildConfigurationList = 1803952C2A9BB1FC00A13F79 /* Build configuration list for PBXProject "Weather SwiftUI" */;
			compatibilityVersion = "Xcode 14.0";
			developmentRegion = en;
			hasScannedForEncodings = 0;
			knownRegions = (
				en,
				Base,
			);
			mainGroup = 180395282A9BB1FC00A13F79;
			packageReferences = (
				18695B3E2A9DF91C008C8747 /* XCRemoteSwiftPackageReference "BottomSheet" */,
			);
			productRefGroup = 180395322A9BB1FC00A13F79 /* Products */;
			projectDirPath = "";
			projectRoot = "";
			targets = (
				180395302A9BB1FC00A13F79 /* Weather SwiftUI */,
			);
		};
/* End PBXProject section */

/* Begin PBXResourcesBuildPhase section */
		1803952F2A9BB1FC00A13F79 /* Resources */ = {
			isa = PBXResourcesBuildPhase;
			buildActionMask = 2147483647;
			files = (
				1803953C2A9BB1FF00A13F79 /* Preview Assets.xcassets in Resources */,
				180395392A9BB1FF00A13F79 /* Assets.xcassets in Resources */,
			);
			runOnlyForDeploymentPostprocessing = 0;
		};
/* End PBXResourcesBuildPhase section */

/* Begin PBXSourcesBuildPhase section */
		1803952D2A9BB1FC00A13F79 /* Sources */ = {
			isa = PBXSourcesBuildPhase;
			buildActionMask = 2147483647;
			files = (
				18695B3B2A9CC9BD008C8747 /* Tab Bar.swift in Sources */,
				180395372A9BB1FC00A13F79 /* ContentView.swift in Sources */,
				18695B442A9E178C008C8747 /* Blur.swift in Sources */,
				18695B3D2A9CD5D5008C8747 /* Shapes.swift in Sources */,
				18695B392A9C8256008C8747 /* HomeView.swift in Sources */,
				180395352A9BB1FC00A13F79 /* WeatherSwiftUIApp.swift in Sources */,
				18695B422A9E03A3008C8747 /* ForcastView.swift in Sources */,
				1803954A2A9C796400A13F79 /* Extentions.swift in Sources */,
			);
			runOnlyForDeploymentPostprocessing = 0;
		};
/* End PBXSourcesBuildPhase section */

/* Begin XCBuildConfiguration section */
		1803953D2A9BB1FF00A13F79 /* Debug */ = {
			isa = XCBuildConfiguration;
			buildSettings = {
				ALWAYS_SEARCH_USER_PATHS = NO;
				CLANG_ANALYZER_NONNULL = YES;
				CLANG_ANALYZER_NUMBER_OBJECT_CONVERSION = YES_AGGRESSIVE;
				CLANG_CXX_LANGUAGE_STANDARD = "gnu++20";
				CLANG_ENABLE_MODULES = YES;
				CLANG_ENABLE_OBJC_ARC = YES;
				CLANG_ENABLE_OBJC_WEAK = YES;
				CLANG_WARN_BLOCK_CAPTURE_AUTORELEASING = YES;
				CLANG_WARN_BOOL_CONVERSION = YES;
				CLANG_WARN_COMMA = YES;
				CLANG_WARN_CONSTANT_CONVERSION = YES;
				CLANG_WARN_DEPRECATED_OBJC_IMPLEMENTATIONS = YES;
				CLANG_WARN_DIRECT_OBJC_ISA_USAGE = YES_ERROR;
				CLANG_WARN_DOCUMENTATION_COMMENTS = YES;
				CLANG_WARN_EMPTY_BODY = YES;
				CLANG_WARN_ENUM_CONVERSION = YES;
				CLANG_WARN_INFINITE_RECURSION = YES;
				CLANG_WARN_INT_CONVERSION = YES;
				CLANG_WARN_NON_LITERAL_NULL_CONVERSION = YES;
				CLANG_WARN_OBJC_IMPLICIT_RETAIN_SELF = YES;
				CLANG_WARN_OBJC_LITERAL_CONVERSION = YES;
				CLANG_WARN_OBJC_ROOT_CLASS = YES_ERROR;
				CLANG_WARN_QUOTED_INCLUDE_IN_FRAMEWORK_HEADER = YES;
				CLANG_WARN_RANGE_LOOP_ANALYSIS = YES;
				CLANG_WARN_STRICT_PROTOTYPES = YES;
				CLANG_WARN_SUSPICIOUS_MOVE = YES;
				CLANG_WARN_UNGUARDED_AVAILABILITY = YES_AGGRESSIVE;
				CLANG_WARN_UNREACHABLE_CODE = YES;
				CLANG_WARN__DUPLICATE_METHOD_MATCH = YES;
				COPY_PHASE_STRIP = NO;
				DEBUG_INFORMATION_FORMAT = dwarf;
				ENABLE_STRICT_OBJC_MSGSEND = YES;
				ENABLE_TESTABILITY = YES;
				GCC_C_LANGUAGE_STANDARD = gnu11;
				GCC_DYNAMIC_NO_PIC = NO;
				GCC_NO_COMMON_BLOCKS = YES;
				GCC_OPTIMIZATION_LEVEL = 0;
				GCC_PREPROCESSOR_DEFINITIONS = (
					"DEBUG=1",
					"$(inherited)",
				);
				GCC_WARN_64_TO_32_BIT_CONVERSION = YES;
				GCC_WARN_ABOUT_RETURN_TYPE = YES_ERROR;
				GCC_WARN_UNDECLARED_SELECTOR = YES;
				GCC_WARN_UNINITIALIZED_AUTOS = YES_AGGRESSIVE;
				GCC_WARN_UNUSED_FUNCTION = YES;
				GCC_WARN_UNUSED_VARIABLE = YES;
				IPHONEOS_DEPLOYMENT_TARGET = 16.4;
				MTL_ENABLE_DEBUG_INFO = INCLUDE_SOURCE;
				MTL_FAST_MATH = YES;
				ONLY_ACTIVE_ARCH = YES;
				SDKROOT = iphoneos;
				SWIFT_ACTIVE_COMPILATION_CONDITIONS = DEBUG;
				SWIFT_OPTIMIZATION_LEVEL = "-Onone";
			};
			name = Debug;
		};
		1803953E2A9BB1FF00A13F79 /* Release */ = {
			isa = XCBuildConfiguration;
			buildSettings = {
				ALWAYS_SEARCH_USER_PATHS = NO;
				CLANG_ANALYZER_NONNULL = YES;
				CLANG_ANALYZER_NUMBER_OBJECT_CONVERSION = YES_AGGRESSIVE;
				CLANG_CXX_LANGUAGE_STANDARD = "gnu++20";
				CLANG_ENABLE_MODULES = YES;
				CLANG_ENABLE_OBJC_ARC = YES;
				CLANG_ENABLE_OBJC_WEAK = YES;
				CLANG_WARN_BLOCK_CAPTURE_AUTORELEASING = YES;
				CLANG_WARN_BOOL_CONVERSION = YES;
				CLANG_WARN_COMMA = YES;
				CLANG_WARN_CONSTANT_CONVERSION = YES;
				CLANG_WARN_DEPRECATED_OBJC_IMPLEMENTATIONS = YES;
				CLANG_WARN_DIRECT_OBJC_ISA_USAGE = YES_ERROR;
				CLANG_WARN_DOCUMENTATION_COMMENTS = YES;
				CLANG_WARN_EMPTY_BODY = YES;
				CLANG_WARN_ENUM_CONVERSION = YES;
				CLANG_WARN_INFINITE_RECURSION = YES;
				CLANG_WARN_INT_CONVERSION = YES;
				CLANG_WARN_NON_LITERAL_NULL_CONVERSION = YES;
				CLANG_WARN_OBJC_IMPLICIT_RETAIN_SELF = YES;
				CLANG_WARN_OBJC_LITERAL_CONVERSION = YES;
				CLANG_WARN_OBJC_ROOT_CLASS = YES_ERROR;
				CLANG_WARN_QUOTED_INCLUDE_IN_FRAMEWORK_HEADER = YES;
				CLANG_WARN_RANGE_LOOP_ANALYSIS = YES;
				CLANG_WARN_STRICT_PROTOTYPES = YES;
				CLANG_WARN_SUSPICIOUS_MOVE = YES;
				CLANG_WARN_UNGUARDED_AVAILABILITY = YES_AGGRESSIVE;
				CLANG_WARN_UNREACHABLE_CODE = YES;
				CLANG_WARN__DUPLICATE_METHOD_MATCH = YES;
				COPY_PHASE_STRIP = NO;
				DEBUG_INFORMATION_FORMAT = "dwarf-with-dsym";
				ENABLE_NS_ASSERTIONS = NO;
				ENABLE_STRICT_OBJC_MSGSEND = YES;
				GCC_C_LANGUAGE_STANDARD = gnu11;
				GCC_NO_COMMON_BLOCKS = YES;
				GCC_WARN_64_TO_32_BIT_CONVERSION = YES;
				GCC_WARN_ABOUT_RETURN_TYPE = YES_ERROR;
				GCC_WARN_UNDECLARED_SELECTOR = YES;
				GCC_WARN_UNINITIALIZED_AUTOS = YES_AGGRESSIVE;
				GCC_WARN_UNUSED_FUNCTION = YES;
				GCC_WARN_UNUSED_VARIABLE = YES;
				IPHONEOS_DEPLOYMENT_TARGET = 16.4;
				MTL_ENABLE_DEBUG_INFO = NO;
				MTL_FAST_MATH = YES;
				SDKROOT = iphoneos;
				SWIFT_COMPILATION_MODE = wholemodule;
				SWIFT_OPTIMIZATION_LEVEL = "-O";
				VALIDATE_PRODUCT = YES;
			};
			name = Release;
		};
		180395402A9BB1FF00A13F79 /* Debug */ = {
			isa = XCBuildConfiguration;
			buildSettings = {
				ASSETCATALOG_COMPILER_APPICON_NAME = AppIcon;
				ASSETCATALOG_COMPILER_GLOBAL_ACCENT_COLOR_NAME = AccentColor;
				CODE_SIGN_STYLE = Automatic;
				CURRENT_PROJECT_VERSION = 1;
				DEVELOPMENT_ASSET_PATHS = "\"Weather SwiftUI/Preview Content\"";
				DEVELOPMENT_TEAM = NS9ZWM6RGA;
				ENABLE_PREVIEWS = YES;
				GENERATE_INFOPLIST_FILE = YES;
				INFOPLIST_KEY_UIApplicationSceneManifest_Generation = YES;
				INFOPLIST_KEY_UIApplicationSupportsIndirectInputEvents = YES;
				INFOPLIST_KEY_UILaunchScreen_Generation = YES;
				INFOPLIST_KEY_UISupportedInterfaceOrientations_iPad = "UIInterfaceOrientationPortrait UIInterfaceOrientationPortraitUpsideDown UIInterfaceOrientationLandscapeLeft UIInterfaceOrientationLandscapeRight";
				INFOPLIST_KEY_UISupportedInterfaceOrientations_iPhone = "UIInterfaceOrientationPortrait UIInterfaceOrientationLandscapeLeft UIInterfaceOrientationLandscapeRight";
				LD_RUNPATH_SEARCH_PATHS = (
					"$(inherited)",
					"@executable_path/Frameworks",
				);
				MARKETING_VERSION = 1.0;
				PRODUCT_BUNDLE_IDENTIFIER = "khalmatov.dev.Weather-SwiftUI";
				PRODUCT_NAME = "$(TARGET_NAME)";
				SWIFT_EMIT_LOC_STRINGS = YES;
				SWIFT_VERSION = 5.0;
				TARGETED_DEVICE_FAMILY = "1,2";
			};
			name = Debug;
		};
		180395412A9BB1FF00A13F79 /* Release */ = {
			isa = XCBuildConfiguration;
			buildSettings = {
				ASSETCATALOG_COMPILER_APPICON_NAME = AppIcon;
				ASSETCATALOG_COMPILER_GLOBAL_ACCENT_COLOR_NAME = AccentColor;
				CODE_SIGN_STYLE = Automatic;
				CURRENT_PROJECT_VERSION = 1;
				DEVELOPMENT_ASSET_PATHS = "\"Weather SwiftUI/Preview Content\"";
				DEVELOPMENT_TEAM = NS9ZWM6RGA;
				ENABLE_PREVIEWS = YES;
				GENERATE_INFOPLIST_FILE = YES;
				INFOPLIST_KEY_UIApplicationSceneManifest_Generation = YES;
				INFOPLIST_KEY_UIApplicationSupportsIndirectInputEvents = YES;
				INFOPLIST_KEY_UILaunchScreen_Generation = YES;
				INFOPLIST_KEY_UISupportedInterfaceOrientations_iPad = "UIInterfaceOrientationPortrait UIInterfaceOrientationPortraitUpsideDown UIInterfaceOrientationLandscapeLeft UIInterfaceOrientationLandscapeRight";
				INFOPLIST_KEY_UISupportedInterfaceOrientations_iPhone = "UIInterfaceOrientationPortrait UIInterfaceOrientationLandscapeLeft UIInterfaceOrientationLandscapeRight";
				LD_RUNPATH_SEARCH_PATHS = (
					"$(inherited)",
					"@executable_path/Frameworks",
				);
				MARKETING_VERSION = 1.0;
				PRODUCT_BUNDLE_IDENTIFIER = "khalmatov.dev.Weather-SwiftUI";
				PRODUCT_NAME = "$(TARGET_NAME)";
				SWIFT_EMIT_LOC_STRINGS = YES;
				SWIFT_VERSION = 5.0;
				TARGETED_DEVICE_FAMILY = "1,2";
			};
			name = Release;
		};
/* End XCBuildConfiguration section */

/* Begin XCConfigurationList section */
		1803952C2A9BB1FC00A13F79 /* Build configuration list for PBXProject "Weather SwiftUI" */ = {
			isa = XCConfigurationList;
			buildConfigurations = (
				1803953D2A9BB1FF00A13F79 /* Debug */,
				1803953E2A9BB1FF00A13F79 /* Release */,
			);
			defaultConfigurationIsVisible = 0;
			defaultConfigurationName = Release;
		};
		1803953F2A9BB1FF00A13F79 /* Build configuration list for PBXNativeTarget "Weather SwiftUI" */ = {
			isa = XCConfigurationList;
			buildConfigurations = (
				180395402A9BB1FF00A13F79 /* Debug */,
				180395412A9BB1FF00A13F79 /* Release */,
			);
			defaultConfigurationIsVisible = 0;
			defaultConfigurationName = Release;
		};
/* End XCConfigurationList section */

/* Begin XCRemoteSwiftPackageReference section */
		18695B3E2A9DF91C008C8747 /* XCRemoteSwiftPackageReference "BottomSheet" */ = {
			isa = XCRemoteSwiftPackageReference;
			repositoryURL = "https://github.com/Wouter125/BottomSheet.git";
			requirement = {
				kind = upToNextMajorVersion;
				minimumVersion = 1.0.0;
			};
		};
/* End XCRemoteSwiftPackageReference section */

/* Begin XCSwiftPackageProductDependency section */
		18695B3F2A9DF91C008C8747 /* BottomSheet */ = {
			isa = XCSwiftPackageProductDependency;
			package = 18695B3E2A9DF91C008C8747 /* XCRemoteSwiftPackageReference "BottomSheet" */;
			productName = BottomSheet;
		};
/* End XCSwiftPackageProductDependency section */
	};
	rootObject = 180395292A9BB1FC00A13F79 /* Project object */;
}
